
Microsoft Visual Studio Solution File, Format Version 12.00
# Visual Studio 15
VisualStudioVersion = 15.0.28010.2016
MinimumVisualStudioVersion = 10.0.40219.1
Project("{FAE04EC0-301F-11D3-BF4B-00C04F79EFBC}") = "LP_Lab12", "LP_Lab12\LP_Lab12.csproj", "{115C6103-9F42-4A69-9FE5-DF9D081D79CB}"
EndProject
Global
	GlobalSection(SolutionConfigurationPlatforms) = preSolution
		Debug|Any CPU = Debug|Any CPU
		Release|Any CPU = Release|Any CPU
	EndGlobalSection
	GlobalSection(ProjectConfigurationPlatforms) = postSolution
		{115C6103-9F42-4A69-9FE5-DF9D081D79CB}.Debug|Any CPU.ActiveCfg = Debug|Any CPU
		{115C6103-9F42-4A69-9FE5-DF9D081D79CB}.Debug|Any CPU.Build.0 = Debug|Any CPU
		{115C6103-9F42-4A69-9FE5-DF9D081D79CB}.Release|Any CPU.ActiveCfg = Release|Any CPU
		{115C6103-9F42-4A69-9FE5-DF9D081D79CB}.Release|Any CPU.Build.0 = Release|Any CPU
	EndGlobalSection
	GlobalSection(SolutionProperties) = preSolution
		HideSolutionNode = FALSE
	EndGlobalSection
	GlobalSection(ExtensibilityGlobals) = postSolution
		SolutionGuid = {8F26165D-EA03-40D9-9D56-657A6F6F5AAE}
	EndGlobalSection
EndGlobal
