
Microsoft Visual Studio Solution File, Format Version 12.00
# Visual Studio 15
VisualStudioVersion = 15.0.28010.2016
MinimumVisualStudioVersion = 10.0.40219.1
Project("{FAE04EC0-301F-11D3-BF4B-00C04F79EFBC}") = "LP_Lab4", "LP_Lab4\LP_Lab4.csproj", "{676ECE60-3826-4486-9010-CF1EAB7F4C65}"
EndProject
Global
	GlobalSection(SolutionConfigurationPlatforms) = preSolution
		Debug|Any CPU = Debug|Any CPU
		Release|Any CPU = Release|Any CPU
	EndGlobalSection
	GlobalSection(ProjectConfigurationPlatforms) = postSolution
		{676ECE60-3826-4486-9010-CF1EAB7F4C65}.Debug|Any CPU.ActiveCfg = Debug|Any CPU
		{676ECE60-3826-4486-9010-CF1EAB7F4C65}.Debug|Any CPU.Build.0 = Debug|Any CPU
		{676ECE60-3826-4486-9010-CF1EAB7F4C65}.Release|Any CPU.ActiveCfg = Release|Any CPU
		{676ECE60-3826-4486-9010-CF1EAB7F4C65}.Release|Any CPU.Build.0 = Release|Any CPU
	EndGlobalSection
	GlobalSection(SolutionProperties) = preSolution
		HideSolutionNode = FALSE
	EndGlobalSection
	GlobalSection(ExtensibilityGlobals) = postSolution
		SolutionGuid = {68D5051A-3A4D-4280-BC3F-F1AFB7B5483A}
	EndGlobalSection
EndGlobal
