
Microsoft Visual Studio Solution File, Format Version 12.00
# Visual Studio 15
VisualStudioVersion = 15.0.28010.2016
MinimumVisualStudioVersion = 10.0.40219.1
Project("{FAE04EC0-301F-11D3-BF4B-00C04F79EFBC}") = "LP_Lab11", "LP_Lab11\LP_Lab11.csproj", "{3627E408-DD27-4E18-A4EB-E67F4EC5656B}"
EndProject
Global
	GlobalSection(SolutionConfigurationPlatforms) = preSolution
		Debug|Any CPU = Debug|Any CPU
		Release|Any CPU = Release|Any CPU
	EndGlobalSection
	GlobalSection(ProjectConfigurationPlatforms) = postSolution
		{3627E408-DD27-4E18-A4EB-E67F4EC5656B}.Debug|Any CPU.ActiveCfg = Debug|Any CPU
		{3627E408-DD27-4E18-A4EB-E67F4EC5656B}.Debug|Any CPU.Build.0 = Debug|Any CPU
		{3627E408-DD27-4E18-A4EB-E67F4EC5656B}.Release|Any CPU.ActiveCfg = Release|Any CPU
		{3627E408-DD27-4E18-A4EB-E67F4EC5656B}.Release|Any CPU.Build.0 = Release|Any CPU
	EndGlobalSection
	GlobalSection(SolutionProperties) = preSolution
		HideSolutionNode = FALSE
	EndGlobalSection
	GlobalSection(ExtensibilityGlobals) = postSolution
		SolutionGuid = {4F8F43B4-B2B6-4831-979D-61B60C9FE41B}
	EndGlobalSection
EndGlobal
